
Microsoft Visual Studio Solution File, Format Version 12.00
# Visual Studio 2013
VisualStudioVersion = 12.0.31101.0
MinimumVisualStudioVersion = 10.0.40219.1
Project("{FAE04EC0-301F-11D3-BF4B-00C04F79EFBC}") = "SistemaAgendaWeb", "SistemaAgendaWeb\SistemaAgendaWeb.csproj", "{A6D6FEED-8C70-48B7-9C34-91DBFD33C3C4}"
EndProject
Project("{FAE04EC0-301F-11D3-BF4B-00C04F79EFBC}") = "SistemaAgendaDominio", "SistemaAgendaDominio\SistemaAgendaDominio.csproj", "{02647B22-C757-4AF7-9B57-55C98B39D099}"
EndProject
Project("{FAE04EC0-301F-11D3-BF4B-00C04F79EFBC}") = "SistemaAgendaORM", "SistemaAgendaORM\SistemaAgendaORM.csproj", "{8445A7C2-1386-48C0-B193-CFE694136904}"
EndProject
Global
	GlobalSection(TeamFoundationVersionControl) = preSolution
		SccNumberOfProjects = 4
		SccEnterpriseProvider = {4CA58AB2-18FA-4F8D-95D4-32DDF27D184C}
		SccTeamFoundationServer = https://estudoemcasa.visualstudio.com/defaultcollection
		SccLocalPath0 = .
		SccProjectUniqueName1 = SistemaAgendaDominio\\SistemaAgendaDominio.csproj
		SccProjectName1 = SistemaAgendaDominio
		SccLocalPath1 = SistemaAgendaDominio
		SccProjectUniqueName2 = SistemaAgendaORM\\SistemaAgendaORM.csproj
		SccProjectName2 = SistemaAgendaORM
		SccLocalPath2 = SistemaAgendaORM
		SccProjectUniqueName3 = SistemaAgendaWeb\\SistemaAgendaWeb.csproj
		SccProjectName3 = SistemaAgendaWeb
		SccLocalPath3 = SistemaAgendaWeb
	EndGlobalSection
	GlobalSection(SolutionConfigurationPlatforms) = preSolution
		Debug|Any CPU = Debug|Any CPU
		Release|Any CPU = Release|Any CPU
	EndGlobalSection
	GlobalSection(ProjectConfigurationPlatforms) = postSolution
		{A6D6FEED-8C70-48B7-9C34-91DBFD33C3C4}.Debug|Any CPU.ActiveCfg = Debug|Any CPU
		{A6D6FEED-8C70-48B7-9C34-91DBFD33C3C4}.Debug|Any CPU.Build.0 = Debug|Any CPU
		{A6D6FEED-8C70-48B7-9C34-91DBFD33C3C4}.Release|Any CPU.ActiveCfg = Release|Any CPU
		{A6D6FEED-8C70-48B7-9C34-91DBFD33C3C4}.Release|Any CPU.Build.0 = Release|Any CPU
		{02647B22-C757-4AF7-9B57-55C98B39D099}.Debug|Any CPU.ActiveCfg = Debug|Any CPU
		{02647B22-C757-4AF7-9B57-55C98B39D099}.Debug|Any CPU.Build.0 = Debug|Any CPU
		{02647B22-C757-4AF7-9B57-55C98B39D099}.Release|Any CPU.ActiveCfg = Release|Any CPU
		{02647B22-C757-4AF7-9B57-55C98B39D099}.Release|Any CPU.Build.0 = Release|Any CPU
		{8445A7C2-1386-48C0-B193-CFE694136904}.Debug|Any CPU.ActiveCfg = Debug|Any CPU
		{8445A7C2-1386-48C0-B193-CFE694136904}.Debug|Any CPU.Build.0 = Debug|Any CPU
		{8445A7C2-1386-48C0-B193-CFE694136904}.Release|Any CPU.ActiveCfg = Release|Any CPU
		{8445A7C2-1386-48C0-B193-CFE694136904}.Release|Any CPU.Build.0 = Release|Any CPU
	EndGlobalSection
	GlobalSection(SolutionProperties) = preSolution
		HideSolutionNode = FALSE
	EndGlobalSection
EndGlobal
